
Microsoft Visual Studio Solution File, Format Version 12.00
# Visual Studio 15
VisualStudioVersion = 15.0.28307.1800
MinimumVisualStudioVersion = 10.0.40219.1
Project("{FAE04EC0-301F-11D3-BF4B-00C04F79EFBC}") = "Proyecto1", "Proyecto1\Proyecto1.csproj", "{534C4E27-6CF1-4A85-9FB0-15ABFC6343E8}"
EndProject
Global
	GlobalSection(SolutionConfigurationPlatforms) = preSolution
		Debug|Any CPU = Debug|Any CPU
		Release|Any CPU = Release|Any CPU
	EndGlobalSection
	GlobalSection(ProjectConfigurationPlatforms) = postSolution
		{534C4E27-6CF1-4A85-9FB0-15ABFC6343E8}.Debug|Any CPU.ActiveCfg = Debug|Any CPU
		{534C4E27-6CF1-4A85-9FB0-15ABFC6343E8}.Debug|Any CPU.Build.0 = Debug|Any CPU
		{534C4E27-6CF1-4A85-9FB0-15ABFC6343E8}.Release|Any CPU.ActiveCfg = Release|Any CPU
		{534C4E27-6CF1-4A85-9FB0-15ABFC6343E8}.Release|Any CPU.Build.0 = Release|Any CPU
	EndGlobalSection
	GlobalSection(SolutionProperties) = preSolution
		HideSolutionNode = FALSE
	EndGlobalSection
	GlobalSection(ExtensibilityGlobals) = postSolution
		SolutionGuid = {D416BFCC-6022-4F40-85D9-705EF200801D}
	EndGlobalSection
EndGlobal
